
Microsoft Visual Studio Solution File, Format Version 12.00
# Visual Studio Version 17
VisualStudioVersion = 17.5.002.0
MinimumVisualStudioVersion = 10.0.40219.1
Project("{9A19103F-16F7-4668-BE54-9A1E7A4F7556}") = "GeradorDeImagem", "GeradorDeImagem.csproj", "{58EBA8C7-956C-4C53-94AC-339C0B8D3335}"
EndProject
Global
	GlobalSection(SolutionConfigurationPlatforms) = preSolution
		Debug|Any CPU = Debug|Any CPU
		Release|Any CPU = Release|Any CPU
	EndGlobalSection
	GlobalSection(ProjectConfigurationPlatforms) = postSolution
		{58EBA8C7-956C-4C53-94AC-339C0B8D3335}.Debug|Any CPU.ActiveCfg = Debug|Any CPU
		{58EBA8C7-956C-4C53-94AC-339C0B8D3335}.Debug|Any CPU.Build.0 = Debug|Any CPU
		{58EBA8C7-956C-4C53-94AC-339C0B8D3335}.Release|Any CPU.ActiveCfg = Release|Any CPU
		{58EBA8C7-956C-4C53-94AC-339C0B8D3335}.Release|Any CPU.Build.0 = Release|Any CPU
	EndGlobalSection
	GlobalSection(SolutionProperties) = preSolution
		HideSolutionNode = FALSE
	EndGlobalSection
	GlobalSection(ExtensibilityGlobals) = postSolution
		SolutionGuid = {F5919714-74C4-4D34-9485-6D75CF973D67}
	EndGlobalSection
EndGlobal
